<?xml version="1.0" encoding="utf-8"?>
<Project ToolsVersion="4.0" xmlns="http://schemas.microsoft.com/developer/msbuild/2003">
  <ItemGroup>
    <Filter Include="源文件">
      <UniqueIdentifier>{4FC737F1-C7A5-4376-A066-2A32D752A2FF}</UniqueIdentifier>
      <Extensions>cpp;c;cc;cxx;c++;cppm;ixx;def;odl;idl;hpj;bat;asm;asmx</Extensions>
    </Filter>
    <Filter Include="资源文件">
      <UniqueIdentifier>{67DA6AB6-F800-4c08-8B7A-83BB121AAD01}</UniqueIdentifier>
      <Extensions>rc;ico;cur;bmp;dlg;rc2;rct;bin;rgs;gif;jpg;jpeg;jpe;resx;tiff;tif;png;wav;mfcribbon-ms</Extensions>
    </Filter>
    <Filter Include="osapi">
      <UniqueIdentifier>{93995380-89BD-4b04-88EB-625FBE52EBFB}</UniqueIdentifier>
      <Extensions>h;hh;hpp;hxx;h++;hm;inl;inc;ipp;xsd</Extensions>
    </Filter>
    <Filter Include="utility">
      <UniqueIdentifier>{d9409c96-2df4-4870-b250-c01f7ad591fc}</UniqueIdentifier>
    </Filter>
    <Filter Include="jsoncpp">
      <UniqueIdentifier>{26bc9c49-3d79-4591-8840-1b5fb3617afb}</UniqueIdentifier>
    </Filter>
    <Filter Include="jsoncpp\include">
      <UniqueIdentifier>{0674eb40-7175-4231-a0ea-ea79d202abde}</UniqueIdentifier>
    </Filter>
    <Filter Include="jsoncpp\src">
      <UniqueIdentifier>{5222bdc4-587c-4846-8dfa-402ad54e0d19}</UniqueIdentifier>
    </Filter>
    <Filter Include="nas">
      <UniqueIdentifier>{e531c147-1c06-41ee-b92d-86f166a8e8ff}</UniqueIdentifier>
    </Filter>
  </ItemGroup>
  <ItemGroup>
    <ClCompile Include="..\main.cpp">
      <Filter>源文件</Filter>
    </ClCompile>
    <ClCompile Include="..\osapi\Socket.cpp">
      <Filter>osapi</Filter>
    </ClCompile>
    <ClCompile Include="..\osapi\Thread_Linux.cpp">
      <Filter>osapi</Filter>
    </ClCompile>
    <ClCompile Include="..\osapi\Thread_Win32.cpp">
      <Filter>osapi</Filter>
    </ClCompile>
    <ClCompile Include="..\utility\Endian.cpp">
      <Filter>utility</Filter>
    </ClCompile>
    <ClCompile Include="..\utility\ByteBuffer.cpp">
      <Filter>utility</Filter>
    </ClCompile>
    <ClCompile Include="..\jsoncpp\src\json_reader.cpp">
      <Filter>jsoncpp\src</Filter>
    </ClCompile>
    <ClCompile Include="..\jsoncpp\src\json_value.cpp">
      <Filter>jsoncpp\src</Filter>
    </ClCompile>
    <ClCompile Include="..\jsoncpp\src\json_writer.cpp">
      <Filter>jsoncpp\src</Filter>
    </ClCompile>
    <ClCompile Include="..\utility\CharacterEncoding.cpp">
      <Filter>utility</Filter>
    </ClCompile>
    <ClCompile Include="..\utility\FileUtils.cpp">
      <Filter>utility</Filter>
    </ClCompile>
    <ClCompile Include="..\osapi\Mutex_Linux.cpp">
      <Filter>osapi</Filter>
    </ClCompile>
    <ClCompile Include="..\osapi\Mutex_Win32.cpp">
      <Filter>osapi</Filter>
    </ClCompile>
    <ClCompile Include="..\osapi\Semaphore_Linux.cpp">
      <Filter>osapi</Filter>
    </ClCompile>
    <ClCompile Include="..\osapi\Semaphore_Win32.cpp">
      <Filter>osapi</Filter>
    </ClCompile>
    <ClCompile Include="..\nas\fileCheck.cpp">
      <Filter>nas</Filter>
    </ClCompile>
    <ClCompile Include="..\nas\nasClient.cpp">
      <Filter>nas</Filter>
    </ClCompile>
    <ClCompile Include="..\nas\nasFileHandler.cpp">
      <Filter>nas</Filter>
    </ClCompile>
  </ItemGroup>
  <ItemGroup>
    <ClInclude Include="..\osapi\osapi.h">
      <Filter>osapi</Filter>
    </ClInclude>
    <ClInclude Include="..\osapi\Socket.h">
      <Filter>osapi</Filter>
    </ClInclude>
    <ClInclude Include="..\osapi\Thread.h">
      <Filter>osapi</Filter>
    </ClInclude>
    <ClInclude Include="..\utility\Endian.h">
      <Filter>utility</Filter>
    </ClInclude>
    <ClInclude Include="..\utility\utility.h">
      <Filter>utility</Filter>
    </ClInclude>
    <ClInclude Include="..\utility\ByteBuffer.h">
      <Filter>utility</Filter>
    </ClInclude>
    <ClInclude Include="..\jsoncpp\include\allocator.h">
      <Filter>jsoncpp\include</Filter>
    </ClInclude>
    <ClInclude Include="..\jsoncpp\include\assertions.h">
      <Filter>jsoncpp\include</Filter>
    </ClInclude>
    <ClInclude Include="..\jsoncpp\include\config.h">
      <Filter>jsoncpp\include</Filter>
    </ClInclude>
    <ClInclude Include="..\jsoncpp\include\forwards.h">
      <Filter>jsoncpp\include</Filter>
    </ClInclude>
    <ClInclude Include="..\jsoncpp\include\json.h">
      <Filter>jsoncpp\include</Filter>
    </ClInclude>
    <ClInclude Include="..\jsoncpp\include\json_features.h">
      <Filter>jsoncpp\include</Filter>
    </ClInclude>
    <ClInclude Include="..\jsoncpp\include\reader.h">
      <Filter>jsoncpp\include</Filter>
    </ClInclude>
    <ClInclude Include="..\jsoncpp\include\value.h">
      <Filter>jsoncpp\include</Filter>
    </ClInclude>
    <ClInclude Include="..\jsoncpp\include\version.h">
      <Filter>jsoncpp\include</Filter>
    </ClInclude>
    <ClInclude Include="..\jsoncpp\include\writer.h">
      <Filter>jsoncpp\include</Filter>
    </ClInclude>
    <ClInclude Include="..\jsoncpp\src\json_tool.h">
      <Filter>jsoncpp\src</Filter>
    </ClInclude>
    <ClInclude Include="..\utility\CharacterEncoding.h">
      <Filter>utility</Filter>
    </ClInclude>
    <ClInclude Include="..\utility\FileUtils.h">
      <Filter>utility</Filter>
    </ClInclude>
    <ClInclude Include="..\osapi\Mutex.h">
      <Filter>osapi</Filter>
    </ClInclude>
    <ClInclude Include="..\osapi\Semaphore.h">
      <Filter>osapi</Filter>
    </ClInclude>
    <ClInclude Include="..\nas\fileCheck.h">
      <Filter>nas</Filter>
    </ClInclude>
    <ClInclude Include="..\nas\MsgDefine.h">
      <Filter>nas</Filter>
    </ClInclude>
    <ClInclude Include="..\nas\nasClient.h">
      <Filter>nas</Filter>
    </ClInclude>
    <ClInclude Include="..\nas\nasFileHandler.h">
      <Filter>nas</Filter>
    </ClInclude>
  </ItemGroup>
  <ItemGroup>
    <None Include="..\jsoncpp\src\json_valueiterator.inl">
      <Filter>jsoncpp\src</Filter>
    </None>
  </ItemGroup>
</Project>